
Microsoft Visual Studio Solution File, Format Version 12.00
# Visual Studio Version 17
VisualStudioVersion = 17.4.33205.214
MinimumVisualStudioVersion = 10.0.40219.1
Project("{9A19103F-16F7-4668-BE54-9A1E7A4F7556}") = "ClipInput", "ClipInput\ClipInput.csproj", "{C96549F7-03C3-44EB-90BA-E1AE70627118}"
EndProject
Project("{9A19103F-16F7-4668-BE54-9A1E7A4F7556}") = "ClipInputCLI", "ClipInputCLI\ClipInputCLI.csproj", "{A8AB1DCE-6B08-46F8-9ADF-D7F0D6BF8E3D}"
EndProject
Project("{9A19103F-16F7-4668-BE54-9A1E7A4F7556}") = "ClipInput.Client", "ClipInput.Client\ClipInput.Client.csproj", "{28752B00-1CD8-4ABB-8795-F0E674B24D6E}"
EndProject
Global
	GlobalSection(SolutionConfigurationPlatforms) = preSolution
		Debug|Any CPU = Debug|Any CPU
		Debug|x64 = Debug|x64
		Debug|x86 = Debug|x86
		Release|Any CPU = Release|Any CPU
		Release|x64 = Release|x64
		Release|x86 = Release|x86
	EndGlobalSection
	GlobalSection(ProjectConfigurationPlatforms) = postSolution
		{C96549F7-03C3-44EB-90BA-E1AE70627118}.Debug|Any CPU.ActiveCfg = Debug|Any CPU
		{C96549F7-03C3-44EB-90BA-E1AE70627118}.Debug|Any CPU.Build.0 = Debug|Any CPU
		{C96549F7-03C3-44EB-90BA-E1AE70627118}.Debug|x64.ActiveCfg = Debug|Any CPU
		{C96549F7-03C3-44EB-90BA-E1AE70627118}.Debug|x64.Build.0 = Debug|Any CPU
		{C96549F7-03C3-44EB-90BA-E1AE70627118}.Debug|x86.ActiveCfg = Debug|Any CPU
		{C96549F7-03C3-44EB-90BA-E1AE70627118}.Debug|x86.Build.0 = Debug|Any CPU
		{C96549F7-03C3-44EB-90BA-E1AE70627118}.Release|Any CPU.ActiveCfg = Release|Any CPU
		{C96549F7-03C3-44EB-90BA-E1AE70627118}.Release|Any CPU.Build.0 = Release|Any CPU
		{C96549F7-03C3-44EB-90BA-E1AE70627118}.Release|x64.ActiveCfg = Release|Any CPU
		{C96549F7-03C3-44EB-90BA-E1AE70627118}.Release|x64.Build.0 = Release|Any CPU
		{C96549F7-03C3-44EB-90BA-E1AE70627118}.Release|x86.ActiveCfg = Release|Any CPU
		{C96549F7-03C3-44EB-90BA-E1AE70627118}.Release|x86.Build.0 = Release|Any CPU
		{A8AB1DCE-6B08-46F8-9ADF-D7F0D6BF8E3D}.Debug|Any CPU.ActiveCfg = Debug|Any CPU
		{A8AB1DCE-6B08-46F8-9ADF-D7F0D6BF8E3D}.Debug|Any CPU.Build.0 = Debug|Any CPU
		{A8AB1DCE-6B08-46F8-9ADF-D7F0D6BF8E3D}.Debug|x64.ActiveCfg = Debug|Any CPU
		{A8AB1DCE-6B08-46F8-9ADF-D7F0D6BF8E3D}.Debug|x64.Build.0 = Debug|Any CPU
		{A8AB1DCE-6B08-46F8-9ADF-D7F0D6BF8E3D}.Debug|x86.ActiveCfg = Debug|Any CPU
		{A8AB1DCE-6B08-46F8-9ADF-D7F0D6BF8E3D}.Debug|x86.Build.0 = Debug|Any CPU
		{A8AB1DCE-6B08-46F8-9ADF-D7F0D6BF8E3D}.Release|Any CPU.ActiveCfg = Release|Any CPU
		{A8AB1DCE-6B08-46F8-9ADF-D7F0D6BF8E3D}.Release|Any CPU.Build.0 = Release|Any CPU
		{A8AB1DCE-6B08-46F8-9ADF-D7F0D6BF8E3D}.Release|x64.ActiveCfg = Release|Any CPU
		{A8AB1DCE-6B08-46F8-9ADF-D7F0D6BF8E3D}.Release|x64.Build.0 = Release|Any CPU
		{A8AB1DCE-6B08-46F8-9ADF-D7F0D6BF8E3D}.Release|x86.ActiveCfg = Release|Any CPU
		{A8AB1DCE-6B08-46F8-9ADF-D7F0D6BF8E3D}.Release|x86.Build.0 = Release|Any CPU
		{28752B00-1CD8-4ABB-8795-F0E674B24D6E}.Debug|Any CPU.ActiveCfg = Debug|Any CPU
		{28752B00-1CD8-4ABB-8795-F0E674B24D6E}.Debug|Any CPU.Build.0 = Debug|Any CPU
		{28752B00-1CD8-4ABB-8795-F0E674B24D6E}.Debug|x64.ActiveCfg = Debug|Any CPU
		{28752B00-1CD8-4ABB-8795-F0E674B24D6E}.Debug|x64.Build.0 = Debug|Any CPU
		{28752B00-1CD8-4ABB-8795-F0E674B24D6E}.Debug|x86.ActiveCfg = Debug|Any CPU
		{28752B00-1CD8-4ABB-8795-F0E674B24D6E}.Debug|x86.Build.0 = Debug|Any CPU
		{28752B00-1CD8-4ABB-8795-F0E674B24D6E}.Release|Any CPU.ActiveCfg = Release|Any CPU
		{28752B00-1CD8-4ABB-8795-F0E674B24D6E}.Release|Any CPU.Build.0 = Release|Any CPU
		{28752B00-1CD8-4ABB-8795-F0E674B24D6E}.Release|x64.ActiveCfg = Release|Any CPU
		{28752B00-1CD8-4ABB-8795-F0E674B24D6E}.Release|x64.Build.0 = Release|Any CPU
		{28752B00-1CD8-4ABB-8795-F0E674B24D6E}.Release|x86.ActiveCfg = Release|Any CPU
		{28752B00-1CD8-4ABB-8795-F0E674B24D6E}.Release|x86.Build.0 = Release|Any CPU
	EndGlobalSection
	GlobalSection(SolutionProperties) = preSolution
		HideSolutionNode = FALSE
	EndGlobalSection
	GlobalSection(ExtensibilityGlobals) = postSolution
		SolutionGuid = {BED5B279-784C-4195-8411-4B3997DD71E6}
	EndGlobalSection
EndGlobal
